
Microsoft Visual Studio Solution File, Format Version 12.00
# Visual Studio Version 16
VisualStudioVersion = 16.0.30907.101
MinimumVisualStudioVersion = 10.0.40219.1
Project("{FAE04EC0-301F-11D3-BF4B-00C04F79EFBC}") = "CaesarCipher.App", "CaesarCipher\CaesarCipher.App.csproj", "{3029F484-82EB-4F8E-98DC-9276FFD8B88F}"
EndProject
Project("{FAE04EC0-301F-11D3-BF4B-00C04F79EFBC}") = "CeasarCipher.Tests", "CeasarCipher.Tests\CeasarCipher.Tests.csproj", "{28D46576-1958-49AC-94BB-E1297C8E23E0}"
EndProject
Global
	GlobalSection(SolutionConfigurationPlatforms) = preSolution
		Debug|Any CPU = Debug|Any CPU
		Release|Any CPU = Release|Any CPU
	EndGlobalSection
	GlobalSection(ProjectConfigurationPlatforms) = postSolution
		{3029F484-82EB-4F8E-98DC-9276FFD8B88F}.Debug|Any CPU.ActiveCfg = Debug|Any CPU
		{3029F484-82EB-4F8E-98DC-9276FFD8B88F}.Debug|Any CPU.Build.0 = Debug|Any CPU
		{3029F484-82EB-4F8E-98DC-9276FFD8B88F}.Release|Any CPU.ActiveCfg = Release|Any CPU
		{3029F484-82EB-4F8E-98DC-9276FFD8B88F}.Release|Any CPU.Build.0 = Release|Any CPU
		{28D46576-1958-49AC-94BB-E1297C8E23E0}.Debug|Any CPU.ActiveCfg = Debug|Any CPU
		{28D46576-1958-49AC-94BB-E1297C8E23E0}.Debug|Any CPU.Build.0 = Debug|Any CPU
		{28D46576-1958-49AC-94BB-E1297C8E23E0}.Release|Any CPU.ActiveCfg = Release|Any CPU
		{28D46576-1958-49AC-94BB-E1297C8E23E0}.Release|Any CPU.Build.0 = Release|Any CPU
	EndGlobalSection
	GlobalSection(SolutionProperties) = preSolution
		HideSolutionNode = FALSE
	EndGlobalSection
	GlobalSection(ExtensibilityGlobals) = postSolution
		SolutionGuid = {8D5A8E6F-0C88-4801-BC69-DE57635040F3}
	EndGlobalSection
EndGlobal
